
Microsoft Visual Studio Solution File, Format Version 12.00
# Visual Studio Version 17
VisualStudioVersion = 17.11.35312.102
MinimumVisualStudioVersion = 10.0.40219.1
Project("{9A19103F-16F7-4668-BE54-9A1E7A4F7556}") = "WEB.INV", "WEB.INV\WEB.INV.csproj", "{74C1A319-FB10-4DA8-9671-2AED8D7AC622}"
EndProject
Global
	GlobalSection(SolutionConfigurationPlatforms) = preSolution
		Debug|Any CPU = Debug|Any CPU
		Release|Any CPU = Release|Any CPU
	EndGlobalSection
	GlobalSection(ProjectConfigurationPlatforms) = postSolution
		{74C1A319-FB10-4DA8-9671-2AED8D7AC622}.Debug|Any CPU.ActiveCfg = Debug|Any CPU
		{74C1A319-FB10-4DA8-9671-2AED8D7AC622}.Debug|Any CPU.Build.0 = Debug|Any CPU
		{74C1A319-FB10-4DA8-9671-2AED8D7AC622}.Release|Any CPU.ActiveCfg = Release|Any CPU
		{74C1A319-FB10-4DA8-9671-2AED8D7AC622}.Release|Any CPU.Build.0 = Release|Any CPU
	EndGlobalSection
	GlobalSection(SolutionProperties) = preSolution
		HideSolutionNode = FALSE
	EndGlobalSection
	GlobalSection(ExtensibilityGlobals) = postSolution
		SolutionGuid = {C4F92E17-73C5-4F5D-8638-2CECF87CD3D9}
	EndGlobalSection
EndGlobal
